
Microsoft Visual Studio Solution File, Format Version 12.00
# Visual Studio Version 16
VisualStudioVersion = 16.0.31112.23
MinimumVisualStudioVersion = 10.0.40219.1
Project("{9A19103F-16F7-4668-BE54-9A1E7A4F7556}") = "PizzaSushiBot", "PizzaSushiBot\PizzaSushiBot.csproj", "{A73A6EB3-DCEA-4A14-8420-975E364632ED}"
EndProject
Project("{FAE04EC0-301F-11D3-BF4B-00C04F79EFBC}") = "CustomLogger", "CustomLogger\CustomLogger.csproj", "{4AA01926-0E1D-4789-80CC-C67B771D0014}"
EndProject
Global
	GlobalSection(SolutionConfigurationPlatforms) = preSolution
		Debug|Any CPU = Debug|Any CPU
		Release|Any CPU = Release|Any CPU
	EndGlobalSection
	GlobalSection(ProjectConfigurationPlatforms) = postSolution
		{A73A6EB3-DCEA-4A14-8420-975E364632ED}.Debug|Any CPU.ActiveCfg = Debug|Any CPU
		{A73A6EB3-DCEA-4A14-8420-975E364632ED}.Debug|Any CPU.Build.0 = Debug|Any CPU
		{A73A6EB3-DCEA-4A14-8420-975E364632ED}.Release|Any CPU.ActiveCfg = Release|Any CPU
		{A73A6EB3-DCEA-4A14-8420-975E364632ED}.Release|Any CPU.Build.0 = Release|Any CPU
		{4AA01926-0E1D-4789-80CC-C67B771D0014}.Debug|Any CPU.ActiveCfg = Debug|Any CPU
		{4AA01926-0E1D-4789-80CC-C67B771D0014}.Debug|Any CPU.Build.0 = Debug|Any CPU
		{4AA01926-0E1D-4789-80CC-C67B771D0014}.Release|Any CPU.ActiveCfg = Release|Any CPU
		{4AA01926-0E1D-4789-80CC-C67B771D0014}.Release|Any CPU.Build.0 = Release|Any CPU
	EndGlobalSection
	GlobalSection(SolutionProperties) = preSolution
		HideSolutionNode = FALSE
	EndGlobalSection
	GlobalSection(ExtensibilityGlobals) = postSolution
		SolutionGuid = {E8D55D75-034B-421F-BCB2-662AD7B0EBBF}
	EndGlobalSection
EndGlobal
