
Microsoft Visual Studio Solution File, Format Version 12.00
# Visual Studio Version 16
VisualStudioVersion = 16.0.31515.178
MinimumVisualStudioVersion = 10.0.40219.1
Project("{9A19103F-16F7-4668-BE54-9A1E7A4F7556}") = "PartyInvites", "PartyInvites.csproj", "{5E775DF7-CCB7-4553-9F2C-7517E9304624}"
EndProject
Global
	GlobalSection(SolutionConfigurationPlatforms) = preSolution
		Debug|Any CPU = Debug|Any CPU
		Release|Any CPU = Release|Any CPU
	EndGlobalSection
	GlobalSection(ProjectConfigurationPlatforms) = postSolution
		{5E775DF7-CCB7-4553-9F2C-7517E9304624}.Debug|Any CPU.ActiveCfg = Debug|Any CPU
		{5E775DF7-CCB7-4553-9F2C-7517E9304624}.Debug|Any CPU.Build.0 = Debug|Any CPU
		{5E775DF7-CCB7-4553-9F2C-7517E9304624}.Release|Any CPU.ActiveCfg = Release|Any CPU
		{5E775DF7-CCB7-4553-9F2C-7517E9304624}.Release|Any CPU.Build.0 = Release|Any CPU
	EndGlobalSection
	GlobalSection(SolutionProperties) = preSolution
		HideSolutionNode = FALSE
	EndGlobalSection
	GlobalSection(ExtensibilityGlobals) = postSolution
		SolutionGuid = {EBC0CBCD-C866-43F6-98C0-1F82142905C0}
	EndGlobalSection
EndGlobal
